
Microsoft Visual Studio Solution File, Format Version 12.00
# Visual Studio 15
VisualStudioVersion = 15.0.26730.0
MinimumVisualStudioVersion = 10.0.40219.1
Project("{9A19103F-16F7-4668-BE54-9A1E7A4F7556}") = "Pluralsight.AspNetCore.Auth.Encryption", "Pluralsight.AspNetCore.Auth.Encryption\Pluralsight.AspNetCore.Auth.Encryption.csproj", "{CB6E8EA6-FD7C-4840-8832-82A911745AEA}"
EndProject
Project("{9A19103F-16F7-4668-BE54-9A1E7A4F7556}") = "Pluralsight.AspNetCore.Auth.DummyIdentityProvider", "Pluralsight.AspNetCore.Auth.DummyIdentityProvider\Pluralsight.AspNetCore.Auth.DummyIdentityProvider.csproj", "{36186E4E-ED56-4A31-B360-F59BBD32A5BA}"
EndProject
Project("{9A19103F-16F7-4668-BE54-9A1E7A4F7556}") = "Pluralsight.AspNetCore.Auth.Web", "Pluralsight.AspNetCore.Auth.Web\Pluralsight.AspNetCore.Auth.Web.csproj", "{6973F0E4-3F70-4D06-8E5B-D195C8E6C6F2}"
EndProject
Global
	GlobalSection(SolutionConfigurationPlatforms) = preSolution
		Debug|Any CPU = Debug|Any CPU
		Release|Any CPU = Release|Any CPU
	EndGlobalSection
	GlobalSection(ProjectConfigurationPlatforms) = postSolution
		{CB6E8EA6-FD7C-4840-8832-82A911745AEA}.Debug|Any CPU.ActiveCfg = Debug|Any CPU
		{CB6E8EA6-FD7C-4840-8832-82A911745AEA}.Debug|Any CPU.Build.0 = Debug|Any CPU
		{CB6E8EA6-FD7C-4840-8832-82A911745AEA}.Release|Any CPU.ActiveCfg = Release|Any CPU
		{CB6E8EA6-FD7C-4840-8832-82A911745AEA}.Release|Any CPU.Build.0 = Release|Any CPU
		{36186E4E-ED56-4A31-B360-F59BBD32A5BA}.Debug|Any CPU.ActiveCfg = Debug|Any CPU
		{36186E4E-ED56-4A31-B360-F59BBD32A5BA}.Debug|Any CPU.Build.0 = Debug|Any CPU
		{36186E4E-ED56-4A31-B360-F59BBD32A5BA}.Release|Any CPU.ActiveCfg = Release|Any CPU
		{36186E4E-ED56-4A31-B360-F59BBD32A5BA}.Release|Any CPU.Build.0 = Release|Any CPU
		{6973F0E4-3F70-4D06-8E5B-D195C8E6C6F2}.Debug|Any CPU.ActiveCfg = Debug|Any CPU
		{6973F0E4-3F70-4D06-8E5B-D195C8E6C6F2}.Debug|Any CPU.Build.0 = Debug|Any CPU
		{6973F0E4-3F70-4D06-8E5B-D195C8E6C6F2}.Release|Any CPU.ActiveCfg = Release|Any CPU
		{6973F0E4-3F70-4D06-8E5B-D195C8E6C6F2}.Release|Any CPU.Build.0 = Release|Any CPU
	EndGlobalSection
	GlobalSection(SolutionProperties) = preSolution
		HideSolutionNode = FALSE
	EndGlobalSection
	GlobalSection(ExtensibilityGlobals) = postSolution
		SolutionGuid = {89AD51C9-06B4-42CA-A34C-9136FE50A031}
	EndGlobalSection
EndGlobal
