
Microsoft Visual Studio Solution File, Format Version 12.00
# Visual Studio 15
VisualStudioVersion = 15.0.28307.572
MinimumVisualStudioVersion = 10.0.40219.1
Project("{FAE04EC0-301F-11D3-BF4B-00C04F79EFBC}") = "GenericPump", "GenericPump\GenericPump.csproj", "{D1E3B6E1-AD67-4522-8FBA-2BE65C38EF05}"
EndProject
Project("{FAE04EC0-301F-11D3-BF4B-00C04F79EFBC}") = "PumpFactory", "PumpFactory\PumpFactory.csproj", "{94BABAE1-ABB6-48DF-87C5-11CC3781703E}"
EndProject
Global
	GlobalSection(SolutionConfigurationPlatforms) = preSolution
		Debug|Any CPU = Debug|Any CPU
		Release|Any CPU = Release|Any CPU
	EndGlobalSection
	GlobalSection(ProjectConfigurationPlatforms) = postSolution
		{D1E3B6E1-AD67-4522-8FBA-2BE65C38EF05}.Debug|Any CPU.ActiveCfg = Debug|Any CPU
		{D1E3B6E1-AD67-4522-8FBA-2BE65C38EF05}.Debug|Any CPU.Build.0 = Debug|Any CPU
		{D1E3B6E1-AD67-4522-8FBA-2BE65C38EF05}.Release|Any CPU.ActiveCfg = Release|Any CPU
		{D1E3B6E1-AD67-4522-8FBA-2BE65C38EF05}.Release|Any CPU.Build.0 = Release|Any CPU
		{94BABAE1-ABB6-48DF-87C5-11CC3781703E}.Debug|Any CPU.ActiveCfg = Debug|Any CPU
		{94BABAE1-ABB6-48DF-87C5-11CC3781703E}.Debug|Any CPU.Build.0 = Debug|Any CPU
		{94BABAE1-ABB6-48DF-87C5-11CC3781703E}.Release|Any CPU.ActiveCfg = Release|Any CPU
		{94BABAE1-ABB6-48DF-87C5-11CC3781703E}.Release|Any CPU.Build.0 = Release|Any CPU
	EndGlobalSection
	GlobalSection(SolutionProperties) = preSolution
		HideSolutionNode = FALSE
	EndGlobalSection
	GlobalSection(ExtensibilityGlobals) = postSolution
		SolutionGuid = {E8D1D3A5-5E97-4EEE-9FB5-D454B777739B}
	EndGlobalSection
EndGlobal
